
Microsoft Visual Studio Solution File, Format Version 12.00
# Visual Studio Version 16
VisualStudioVersion = 16.0.30011.22
MinimumVisualStudioVersion = 10.0.40219.1
Project("{FAE04EC0-301F-11D3-BF4B-00C04F79EFBC}") = "TiegrisUtil", "TiegrisUtil\TiegrisUtil.csproj", "{4010ACF9-1851-4F16-9C1E-9F60AD1FD64E}"
EndProject
Project("{FAE04EC0-301F-11D3-BF4B-00C04F79EFBC}") = "UnitTests", "UnitTests\UnitTests.csproj", "{520ACB17-BD40-4E3E-8BED-F7872C0DB3A7}"
EndProject
Global
	GlobalSection(SolutionConfigurationPlatforms) = preSolution
		Debug|Any CPU = Debug|Any CPU
		Release|Any CPU = Release|Any CPU
	EndGlobalSection
	GlobalSection(ProjectConfigurationPlatforms) = postSolution
		{4010ACF9-1851-4F16-9C1E-9F60AD1FD64E}.Debug|Any CPU.ActiveCfg = Debug|Any CPU
		{4010ACF9-1851-4F16-9C1E-9F60AD1FD64E}.Debug|Any CPU.Build.0 = Debug|Any CPU
		{4010ACF9-1851-4F16-9C1E-9F60AD1FD64E}.Release|Any CPU.ActiveCfg = Release|Any CPU
		{4010ACF9-1851-4F16-9C1E-9F60AD1FD64E}.Release|Any CPU.Build.0 = Release|Any CPU
		{520ACB17-BD40-4E3E-8BED-F7872C0DB3A7}.Debug|Any CPU.ActiveCfg = Debug|Any CPU
		{520ACB17-BD40-4E3E-8BED-F7872C0DB3A7}.Debug|Any CPU.Build.0 = Debug|Any CPU
		{520ACB17-BD40-4E3E-8BED-F7872C0DB3A7}.Release|Any CPU.ActiveCfg = Release|Any CPU
		{520ACB17-BD40-4E3E-8BED-F7872C0DB3A7}.Release|Any CPU.Build.0 = Release|Any CPU
	EndGlobalSection
	GlobalSection(SolutionProperties) = preSolution
		HideSolutionNode = FALSE
	EndGlobalSection
	GlobalSection(ExtensibilityGlobals) = postSolution
		SolutionGuid = {0088EF35-8864-4723-85A2-74A2658BB07F}
	EndGlobalSection
EndGlobal
